
Microsoft Visual Studio Solution File, Format Version 12.00
# Visual Studio 15
VisualStudioVersion = 15.0.28010.2016
MinimumVisualStudioVersion = 10.0.40219.1
Project("{FAE04EC0-301F-11D3-BF4B-00C04F79EFBC}") = "PayTale.WEB", "PayTale.WEB\PayTale.WEB.csproj", "{6B84FB0B-FAD4-4C08-8CF7-67C87620D380}"
EndProject
Project("{FAE04EC0-301F-11D3-BF4B-00C04F79EFBC}") = "PayTale.API", "PayTale.API\PayTale.API.csproj", "{542A6132-6CE5-4364-8AC0-561DB79B3765}"
EndProject
Global
	GlobalSection(SolutionConfigurationPlatforms) = preSolution
		Debug|Any CPU = Debug|Any CPU
		Release|Any CPU = Release|Any CPU
	EndGlobalSection
	GlobalSection(ProjectConfigurationPlatforms) = postSolution
		{6B84FB0B-FAD4-4C08-8CF7-67C87620D380}.Debug|Any CPU.ActiveCfg = Debug|Any CPU
		{6B84FB0B-FAD4-4C08-8CF7-67C87620D380}.Debug|Any CPU.Build.0 = Debug|Any CPU
		{6B84FB0B-FAD4-4C08-8CF7-67C87620D380}.Release|Any CPU.ActiveCfg = Release|Any CPU
		{6B84FB0B-FAD4-4C08-8CF7-67C87620D380}.Release|Any CPU.Build.0 = Release|Any CPU
		{542A6132-6CE5-4364-8AC0-561DB79B3765}.Debug|Any CPU.ActiveCfg = Debug|Any CPU
		{542A6132-6CE5-4364-8AC0-561DB79B3765}.Debug|Any CPU.Build.0 = Debug|Any CPU
		{542A6132-6CE5-4364-8AC0-561DB79B3765}.Release|Any CPU.ActiveCfg = Release|Any CPU
		{542A6132-6CE5-4364-8AC0-561DB79B3765}.Release|Any CPU.Build.0 = Release|Any CPU
	EndGlobalSection
	GlobalSection(SolutionProperties) = preSolution
		HideSolutionNode = FALSE
	EndGlobalSection
	GlobalSection(ExtensibilityGlobals) = postSolution
		SolutionGuid = {1DCE5575-37C6-4B15-B989-6AB96828A5BA}
	EndGlobalSection
EndGlobal
